
Microsoft Visual Studio Solution File, Format Version 12.00
# Visual Studio 14
VisualStudioVersion = 14.0.25420.1
MinimumVisualStudioVersion = 10.0.40219.1
Project("{FAE04EC0-301F-11D3-BF4B-00C04F79EFBC}") = "SriChinmoyVideos", "SriChinmoyVideos\SriChinmoyVideos\SriChinmoyVideos.csproj", "{F55A11BF-D392-4EC9-A102-7C9010891590}"
EndProject
Project("{FAE04EC0-301F-11D3-BF4B-00C04F79EFBC}") = "SriChinmoyVideos.Droid", "SriChinmoyVideos\SriChinmoyVideos.Droid\SriChinmoyVideos.Droid.csproj", "{281A9A09-0044-465B-9420-ABB4488D15FE}"
EndProject
Project("{FAE04EC0-301F-11D3-BF4B-00C04F79EFBC}") = "SriChinmoyVideos.iOS", "SriChinmoyVideos\SriChinmoyVideos.iOS\SriChinmoyVideos.iOS.csproj", "{E7FEE5EA-4F10-4124-A897-E6945A157444}"
EndProject
Project("{FAE04EC0-301F-11D3-BF4B-00C04F79EFBC}") = "SriChinmoyVideos.WinPhone", "SriChinmoyVideos\SriChinmoyVideos.WinPhone\SriChinmoyVideos.WinPhone.csproj", "{B4F416C8-2853-4C3D-8A20-4720C93637B3}"
EndProject
Project("{FAE04EC0-301F-11D3-BF4B-00C04F79EFBC}") = "SriChinmoyVideos.UWP", "SriChinmoyVideos\SriChinmoyVideos.UWP\SriChinmoyVideos.UWP.csproj", "{C47D91DF-12CA-4814-AF4E-0B38F6CF90A3}"
EndProject
Project("{FAE04EC0-301F-11D3-BF4B-00C04F79EFBC}") = "SriChinmoyVideos.Windows", "SriChinmoyVideos\SriChinmoyVideos.Windows\SriChinmoyVideos.Windows.csproj", "{472CE9D5-8E52-4B5B-BE49-C58399F298A2}"
EndProject
Global
	GlobalSection(SolutionConfigurationPlatforms) = preSolution
		Ad-Hoc|Any CPU = Ad-Hoc|Any CPU
		Ad-Hoc|ARM = Ad-Hoc|ARM
		Ad-Hoc|iPhone = Ad-Hoc|iPhone
		Ad-Hoc|iPhoneSimulator = Ad-Hoc|iPhoneSimulator
		Ad-Hoc|x64 = Ad-Hoc|x64
		Ad-Hoc|x86 = Ad-Hoc|x86
		AppStore|Any CPU = AppStore|Any CPU
		AppStore|ARM = AppStore|ARM
		AppStore|iPhone = AppStore|iPhone
		AppStore|iPhoneSimulator = AppStore|iPhoneSimulator
		AppStore|x64 = AppStore|x64
		AppStore|x86 = AppStore|x86
		Debug|Any CPU = Debug|Any CPU
		Debug|ARM = Debug|ARM
		Debug|iPhone = Debug|iPhone
		Debug|iPhoneSimulator = Debug|iPhoneSimulator
		Debug|x64 = Debug|x64
		Debug|x86 = Debug|x86
		Release|Any CPU = Release|Any CPU
		Release|ARM = Release|ARM
		Release|iPhone = Release|iPhone
		Release|iPhoneSimulator = Release|iPhoneSimulator
		Release|x64 = Release|x64
		Release|x86 = Release|x86
	EndGlobalSection
	GlobalSection(ProjectConfigurationPlatforms) = postSolution
		{F55A11BF-D392-4EC9-A102-7C9010891590}.Ad-Hoc|Any CPU.ActiveCfg = Release|Any CPU
		{F55A11BF-D392-4EC9-A102-7C9010891590}.Ad-Hoc|Any CPU.Build.0 = Release|Any CPU
		{F55A11BF-D392-4EC9-A102-7C9010891590}.Ad-Hoc|ARM.ActiveCfg = Release|Any CPU
		{F55A11BF-D392-4EC9-A102-7C9010891590}.Ad-Hoc|ARM.Build.0 = Release|Any CPU
		{F55A11BF-D392-4EC9-A102-7C9010891590}.Ad-Hoc|iPhone.ActiveCfg = Release|Any CPU
		{F55A11BF-D392-4EC9-A102-7C9010891590}.Ad-Hoc|iPhone.Build.0 = Release|Any CPU
		{F55A11BF-D392-4EC9-A102-7C9010891590}.Ad-Hoc|iPhoneSimulator.ActiveCfg = Release|Any CPU
		{F55A11BF-D392-4EC9-A102-7C9010891590}.Ad-Hoc|iPhoneSimulator.Build.0 = Release|Any CPU
		{F55A11BF-D392-4EC9-A102-7C9010891590}.Ad-Hoc|x64.ActiveCfg = Release|Any CPU
		{F55A11BF-D392-4EC9-A102-7C9010891590}.Ad-Hoc|x64.Build.0 = Release|Any CPU
		{F55A11BF-D392-4EC9-A102-7C9010891590}.Ad-Hoc|x86.ActiveCfg = Release|Any CPU
		{F55A11BF-D392-4EC9-A102-7C9010891590}.Ad-Hoc|x86.Build.0 = Release|Any CPU
		{F55A11BF-D392-4EC9-A102-7C9010891590}.AppStore|Any CPU.ActiveCfg = Release|Any CPU
		{F55A11BF-D392-4EC9-A102-7C9010891590}.AppStore|Any CPU.Build.0 = Release|Any CPU
		{F55A11BF-D392-4EC9-A102-7C9010891590}.AppStore|ARM.ActiveCfg = Release|Any CPU
		{F55A11BF-D392-4EC9-A102-7C9010891590}.AppStore|ARM.Build.0 = Release|Any CPU
		{F55A11BF-D392-4EC9-A102-7C9010891590}.AppStore|iPhone.ActiveCfg = Release|Any CPU
		{F55A11BF-D392-4EC9-A102-7C9010891590}.AppStore|iPhone.Build.0 = Release|Any CPU
		{F55A11BF-D392-4EC9-A102-7C9010891590}.AppStore|iPhoneSimulator.ActiveCfg = Release|Any CPU
		{F55A11BF-D392-4EC9-A102-7C9010891590}.AppStore|iPhoneSimulator.Build.0 = Release|Any CPU
		{F55A11BF-D392-4EC9-A102-7C9010891590}.AppStore|x64.ActiveCfg = Release|Any CPU
		{F55A11BF-D392-4EC9-A102-7C9010891590}.AppStore|x64.Build.0 = Release|Any CPU
		{F55A11BF-D392-4EC9-A102-7C9010891590}.AppStore|x86.ActiveCfg = Release|Any CPU
		{F55A11BF-D392-4EC9-A102-7C9010891590}.AppStore|x86.Build.0 = Release|Any CPU
		{F55A11BF-D392-4EC9-A102-7C9010891590}.Debug|Any CPU.ActiveCfg = Debug|Any CPU
		{F55A11BF-D392-4EC9-A102-7C9010891590}.Debug|Any CPU.Build.0 = Debug|Any CPU
		{F55A11BF-D392-4EC9-A102-7C9010891590}.Debug|ARM.ActiveCfg = Debug|Any CPU
		{F55A11BF-D392-4EC9-A102-7C9010891590}.Debug|ARM.Build.0 = Debug|Any CPU
		{F55A11BF-D392-4EC9-A102-7C9010891590}.Debug|iPhone.ActiveCfg = Debug|Any CPU
		{F55A11BF-D392-4EC9-A102-7C9010891590}.Debug|iPhone.Build.0 = Debug|Any CPU
		{F55A11BF-D392-4EC9-A102-7C9010891590}.Debug|iPhoneSimulator.ActiveCfg = Debug|Any CPU
		{F55A11BF-D392-4EC9-A102-7C9010891590}.Debug|iPhoneSimulator.Build.0 = Debug|Any CPU
		{F55A11BF-D392-4EC9-A102-7C9010891590}.Debug|x64.ActiveCfg = Debug|Any CPU
		{F55A11BF-D392-4EC9-A102-7C9010891590}.Debug|x64.Build.0 = Debug|Any CPU
		{F55A11BF-D392-4EC9-A102-7C9010891590}.Debug|x86.ActiveCfg = Debug|Any CPU
		{F55A11BF-D392-4EC9-A102-7C9010891590}.Debug|x86.Build.0 = Debug|Any CPU
		{F55A11BF-D392-4EC9-A102-7C9010891590}.Release|Any CPU.ActiveCfg = Release|Any CPU
		{F55A11BF-D392-4EC9-A102-7C9010891590}.Release|Any CPU.Build.0 = Release|Any CPU
		{F55A11BF-D392-4EC9-A102-7C9010891590}.Release|ARM.ActiveCfg = Release|Any CPU
		{F55A11BF-D392-4EC9-A102-7C9010891590}.Release|ARM.Build.0 = Release|Any CPU
		{F55A11BF-D392-4EC9-A102-7C9010891590}.Release|iPhone.ActiveCfg = Release|Any CPU
		{F55A11BF-D392-4EC9-A102-7C9010891590}.Release|iPhone.Build.0 = Release|Any CPU
		{F55A11BF-D392-4EC9-A102-7C9010891590}.Release|iPhoneSimulator.ActiveCfg = Release|Any CPU
		{F55A11BF-D392-4EC9-A102-7C9010891590}.Release|iPhoneSimulator.Build.0 = Release|Any CPU
		{F55A11BF-D392-4EC9-A102-7C9010891590}.Release|x64.ActiveCfg = Release|Any CPU
		{F55A11BF-D392-4EC9-A102-7C9010891590}.Release|x64.Build.0 = Release|Any CPU
		{F55A11BF-D392-4EC9-A102-7C9010891590}.Release|x86.ActiveCfg = Release|Any CPU
		{F55A11BF-D392-4EC9-A102-7C9010891590}.Release|x86.Build.0 = Release|Any CPU
		{281A9A09-0044-465B-9420-ABB4488D15FE}.Ad-Hoc|Any CPU.ActiveCfg = Release|Any CPU
		{281A9A09-0044-465B-9420-ABB4488D15FE}.Ad-Hoc|Any CPU.Build.0 = Release|Any CPU
		{281A9A09-0044-465B-9420-ABB4488D15FE}.Ad-Hoc|Any CPU.Deploy.0 = Release|Any CPU
		{281A9A09-0044-465B-9420-ABB4488D15FE}.Ad-Hoc|ARM.ActiveCfg = Release|Any CPU
		{281A9A09-0044-465B-9420-ABB4488D15FE}.Ad-Hoc|ARM.Build.0 = Release|Any CPU
		{281A9A09-0044-465B-9420-ABB4488D15FE}.Ad-Hoc|ARM.Deploy.0 = Release|Any CPU
		{281A9A09-0044-465B-9420-ABB4488D15FE}.Ad-Hoc|iPhone.ActiveCfg = Release|Any CPU
		{281A9A09-0044-465B-9420-ABB4488D15FE}.Ad-Hoc|iPhone.Build.0 = Release|Any CPU
		{281A9A09-0044-465B-9420-ABB4488D15FE}.Ad-Hoc|iPhone.Deploy.0 = Release|Any CPU
		{281A9A09-0044-465B-9420-ABB4488D15FE}.Ad-Hoc|iPhoneSimulator.ActiveCfg = Release|Any CPU
		{281A9A09-0044-465B-9420-ABB4488D15FE}.Ad-Hoc|iPhoneSimulator.Build.0 = Release|Any CPU
		{281A9A09-0044-465B-9420-ABB4488D15FE}.Ad-Hoc|iPhoneSimulator.Deploy.0 = Release|Any CPU
		{281A9A09-0044-465B-9420-ABB4488D15FE}.Ad-Hoc|x64.ActiveCfg = Release|Any CPU
		{281A9A09-0044-465B-9420-ABB4488D15FE}.Ad-Hoc|x64.Build.0 = Release|Any CPU
		{281A9A09-0044-465B-9420-ABB4488D15FE}.Ad-Hoc|x64.Deploy.0 = Release|Any CPU
		{281A9A09-0044-465B-9420-ABB4488D15FE}.Ad-Hoc|x86.ActiveCfg = Release|Any CPU
		{281A9A09-0044-465B-9420-ABB4488D15FE}.Ad-Hoc|x86.Build.0 = Release|Any CPU
		{281A9A09-0044-465B-9420-ABB4488D15FE}.Ad-Hoc|x86.Deploy.0 = Release|Any CPU
		{281A9A09-0044-465B-9420-ABB4488D15FE}.AppStore|Any CPU.ActiveCfg = Release|Any CPU
		{281A9A09-0044-465B-9420-ABB4488D15FE}.AppStore|Any CPU.Build.0 = Release|Any CPU
		{281A9A09-0044-465B-9420-ABB4488D15FE}.AppStore|Any CPU.Deploy.0 = Release|Any CPU
		{281A9A09-0044-465B-9420-ABB4488D15FE}.AppStore|ARM.ActiveCfg = Release|Any CPU
		{281A9A09-0044-465B-9420-ABB4488D15FE}.AppStore|ARM.Build.0 = Release|Any CPU
		{281A9A09-0044-465B-9420-ABB4488D15FE}.AppStore|ARM.Deploy.0 = Release|Any CPU
		{281A9A09-0044-465B-9420-ABB4488D15FE}.AppStore|iPhone.ActiveCfg = Release|Any CPU
		{281A9A09-0044-465B-9420-ABB4488D15FE}.AppStore|iPhone.Build.0 = Release|Any CPU
		{281A9A09-0044-465B-9420-ABB4488D15FE}.AppStore|iPhone.Deploy.0 = Release|Any CPU
		{281A9A09-0044-465B-9420-ABB4488D15FE}.AppStore|iPhoneSimulator.ActiveCfg = Release|Any CPU
		{281A9A09-0044-465B-9420-ABB4488D15FE}.AppStore|iPhoneSimulator.Build.0 = Release|Any CPU
		{281A9A09-0044-465B-9420-ABB4488D15FE}.AppStore|iPhoneSimulator.Deploy.0 = Release|Any CPU
		{281A9A09-0044-465B-9420-ABB4488D15FE}.AppStore|x64.ActiveCfg = Release|Any CPU
		{281A9A09-0044-465B-9420-ABB4488D15FE}.AppStore|x64.Build.0 = Release|Any CPU
		{281A9A09-0044-465B-9420-ABB4488D15FE}.AppStore|x64.Deploy.0 = Release|Any CPU
		{281A9A09-0044-465B-9420-ABB4488D15FE}.AppStore|x86.ActiveCfg = Release|Any CPU
		{281A9A09-0044-465B-9420-ABB4488D15FE}.AppStore|x86.Build.0 = Release|Any CPU
		{281A9A09-0044-465B-9420-ABB4488D15FE}.AppStore|x86.Deploy.0 = Release|Any CPU
		{281A9A09-0044-465B-9420-ABB4488D15FE}.Debug|Any CPU.ActiveCfg = Debug|Any CPU
		{281A9A09-0044-465B-9420-ABB4488D15FE}.Debug|Any CPU.Build.0 = Debug|Any CPU
		{281A9A09-0044-465B-9420-ABB4488D15FE}.Debug|Any CPU.Deploy.0 = Debug|Any CPU
		{281A9A09-0044-465B-9420-ABB4488D15FE}.Debug|ARM.ActiveCfg = Debug|Any CPU
		{281A9A09-0044-465B-9420-ABB4488D15FE}.Debug|ARM.Build.0 = Debug|Any CPU
		{281A9A09-0044-465B-9420-ABB4488D15FE}.Debug|ARM.Deploy.0 = Debug|Any CPU
		{281A9A09-0044-465B-9420-ABB4488D15FE}.Debug|iPhone.ActiveCfg = Debug|Any CPU
		{281A9A09-0044-465B-9420-ABB4488D15FE}.Debug|iPhone.Build.0 = Debug|Any CPU
		{281A9A09-0044-465B-9420-ABB4488D15FE}.Debug|iPhone.Deploy.0 = Debug|Any CPU
		{281A9A09-0044-465B-9420-ABB4488D15FE}.Debug|iPhoneSimulator.ActiveCfg = Debug|Any CPU
		{281A9A09-0044-465B-9420-ABB4488D15FE}.Debug|iPhoneSimulator.Build.0 = Debug|Any CPU
		{281A9A09-0044-465B-9420-ABB4488D15FE}.Debug|iPhoneSimulator.Deploy.0 = Debug|Any CPU
		{281A9A09-0044-465B-9420-ABB4488D15FE}.Debug|x64.ActiveCfg = Debug|Any CPU
		{281A9A09-0044-465B-9420-ABB4488D15FE}.Debug|x64.Build.0 = Debug|Any CPU
		{281A9A09-0044-465B-9420-ABB4488D15FE}.Debug|x64.Deploy.0 = Debug|Any CPU
		{281A9A09-0044-465B-9420-ABB4488D15FE}.Debug|x86.ActiveCfg = Debug|Any CPU
		{281A9A09-0044-465B-9420-ABB4488D15FE}.Debug|x86.Build.0 = Debug|Any CPU
		{281A9A09-0044-465B-9420-ABB4488D15FE}.Debug|x86.Deploy.0 = Debug|Any CPU
		{281A9A09-0044-465B-9420-ABB4488D15FE}.Release|Any CPU.ActiveCfg = Release|Any CPU
		{281A9A09-0044-465B-9420-ABB4488D15FE}.Release|Any CPU.Build.0 = Release|Any CPU
		{281A9A09-0044-465B-9420-ABB4488D15FE}.Release|Any CPU.Deploy.0 = Release|Any CPU
		{281A9A09-0044-465B-9420-ABB4488D15FE}.Release|ARM.ActiveCfg = Release|Any CPU
		{281A9A09-0044-465B-9420-ABB4488D15FE}.Release|ARM.Build.0 = Release|Any CPU
		{281A9A09-0044-465B-9420-ABB4488D15FE}.Release|ARM.Deploy.0 = Release|Any CPU
		{281A9A09-0044-465B-9420-ABB4488D15FE}.Release|iPhone.ActiveCfg = Release|Any CPU
		{281A9A09-0044-465B-9420-ABB4488D15FE}.Release|iPhone.Build.0 = Release|Any CPU
		{281A9A09-0044-465B-9420-ABB4488D15FE}.Release|iPhone.Deploy.0 = Release|Any CPU
		{281A9A09-0044-465B-9420-ABB4488D15FE}.Release|iPhoneSimulator.ActiveCfg = Release|Any CPU
		{281A9A09-0044-465B-9420-ABB4488D15FE}.Release|iPhoneSimulator.Build.0 = Release|Any CPU
		{281A9A09-0044-465B-9420-ABB4488D15FE}.Release|iPhoneSimulator.Deploy.0 = Release|Any CPU
		{281A9A09-0044-465B-9420-ABB4488D15FE}.Release|x64.ActiveCfg = Release|Any CPU
		{281A9A09-0044-465B-9420-ABB4488D15FE}.Release|x64.Build.0 = Release|Any CPU
		{281A9A09-0044-465B-9420-ABB4488D15FE}.Release|x64.Deploy.0 = Release|Any CPU
		{281A9A09-0044-465B-9420-ABB4488D15FE}.Release|x86.ActiveCfg = Release|Any CPU
		{281A9A09-0044-465B-9420-ABB4488D15FE}.Release|x86.Build.0 = Release|Any CPU
		{281A9A09-0044-465B-9420-ABB4488D15FE}.Release|x86.Deploy.0 = Release|Any CPU
		{E7FEE5EA-4F10-4124-A897-E6945A157444}.Ad-Hoc|Any CPU.ActiveCfg = Ad-Hoc|iPhone
		{E7FEE5EA-4F10-4124-A897-E6945A157444}.Ad-Hoc|ARM.ActiveCfg = Ad-Hoc|iPhone
		{E7FEE5EA-4F10-4124-A897-E6945A157444}.Ad-Hoc|iPhone.ActiveCfg = Ad-Hoc|iPhone
		{E7FEE5EA-4F10-4124-A897-E6945A157444}.Ad-Hoc|iPhone.Build.0 = Ad-Hoc|iPhone
		{E7FEE5EA-4F10-4124-A897-E6945A157444}.Ad-Hoc|iPhoneSimulator.ActiveCfg = Ad-Hoc|iPhoneSimulator
		{E7FEE5EA-4F10-4124-A897-E6945A157444}.Ad-Hoc|iPhoneSimulator.Build.0 = Ad-Hoc|iPhoneSimulator
		{E7FEE5EA-4F10-4124-A897-E6945A157444}.Ad-Hoc|x64.ActiveCfg = Ad-Hoc|iPhone
		{E7FEE5EA-4F10-4124-A897-E6945A157444}.Ad-Hoc|x86.ActiveCfg = Ad-Hoc|iPhone
		{E7FEE5EA-4F10-4124-A897-E6945A157444}.AppStore|Any CPU.ActiveCfg = AppStore|iPhone
		{E7FEE5EA-4F10-4124-A897-E6945A157444}.AppStore|ARM.ActiveCfg = AppStore|iPhone
		{E7FEE5EA-4F10-4124-A897-E6945A157444}.AppStore|iPhone.ActiveCfg = AppStore|iPhone
		{E7FEE5EA-4F10-4124-A897-E6945A157444}.AppStore|iPhone.Build.0 = AppStore|iPhone
		{E7FEE5EA-4F10-4124-A897-E6945A157444}.AppStore|iPhoneSimulator.ActiveCfg = AppStore|iPhoneSimulator
		{E7FEE5EA-4F10-4124-A897-E6945A157444}.AppStore|iPhoneSimulator.Build.0 = AppStore|iPhoneSimulator
		{E7FEE5EA-4F10-4124-A897-E6945A157444}.AppStore|x64.ActiveCfg = AppStore|iPhone
		{E7FEE5EA-4F10-4124-A897-E6945A157444}.AppStore|x86.ActiveCfg = AppStore|iPhone
		{E7FEE5EA-4F10-4124-A897-E6945A157444}.Debug|Any CPU.ActiveCfg = Debug|iPhone
		{E7FEE5EA-4F10-4124-A897-E6945A157444}.Debug|ARM.ActiveCfg = Debug|iPhone
		{E7FEE5EA-4F10-4124-A897-E6945A157444}.Debug|iPhone.ActiveCfg = Debug|iPhone
		{E7FEE5EA-4F10-4124-A897-E6945A157444}.Debug|iPhone.Build.0 = Debug|iPhone
		{E7FEE5EA-4F10-4124-A897-E6945A157444}.Debug|iPhoneSimulator.ActiveCfg = Debug|iPhoneSimulator
		{E7FEE5EA-4F10-4124-A897-E6945A157444}.Debug|iPhoneSimulator.Build.0 = Debug|iPhoneSimulator
		{E7FEE5EA-4F10-4124-A897-E6945A157444}.Debug|x64.ActiveCfg = Debug|iPhone
		{E7FEE5EA-4F10-4124-A897-E6945A157444}.Debug|x86.ActiveCfg = Debug|iPhone
		{E7FEE5EA-4F10-4124-A897-E6945A157444}.Release|Any CPU.ActiveCfg = Release|iPhone
		{E7FEE5EA-4F10-4124-A897-E6945A157444}.Release|ARM.ActiveCfg = Release|iPhone
		{E7FEE5EA-4F10-4124-A897-E6945A157444}.Release|iPhone.ActiveCfg = Release|iPhone
		{E7FEE5EA-4F10-4124-A897-E6945A157444}.Release|iPhone.Build.0 = Release|iPhone
		{E7FEE5EA-4F10-4124-A897-E6945A157444}.Release|iPhoneSimulator.ActiveCfg = Release|iPhoneSimulator
		{E7FEE5EA-4F10-4124-A897-E6945A157444}.Release|iPhoneSimulator.Build.0 = Release|iPhoneSimulator
		{E7FEE5EA-4F10-4124-A897-E6945A157444}.Release|x64.ActiveCfg = Release|iPhone
		{E7FEE5EA-4F10-4124-A897-E6945A157444}.Release|x86.ActiveCfg = Release|iPhone
		{B4F416C8-2853-4C3D-8A20-4720C93637B3}.Ad-Hoc|Any CPU.ActiveCfg = Release|Any CPU
		{B4F416C8-2853-4C3D-8A20-4720C93637B3}.Ad-Hoc|Any CPU.Build.0 = Release|Any CPU
		{B4F416C8-2853-4C3D-8A20-4720C93637B3}.Ad-Hoc|Any CPU.Deploy.0 = Release|Any CPU
		{B4F416C8-2853-4C3D-8A20-4720C93637B3}.Ad-Hoc|ARM.ActiveCfg = Release|ARM
		{B4F416C8-2853-4C3D-8A20-4720C93637B3}.Ad-Hoc|ARM.Build.0 = Release|ARM
		{B4F416C8-2853-4C3D-8A20-4720C93637B3}.Ad-Hoc|ARM.Deploy.0 = Release|ARM
		{B4F416C8-2853-4C3D-8A20-4720C93637B3}.Ad-Hoc|iPhone.ActiveCfg = Release|Any CPU
		{B4F416C8-2853-4C3D-8A20-4720C93637B3}.Ad-Hoc|iPhone.Build.0 = Release|Any CPU
		{B4F416C8-2853-4C3D-8A20-4720C93637B3}.Ad-Hoc|iPhone.Deploy.0 = Release|Any CPU
		{B4F416C8-2853-4C3D-8A20-4720C93637B3}.Ad-Hoc|iPhoneSimulator.ActiveCfg = Release|Any CPU
		{B4F416C8-2853-4C3D-8A20-4720C93637B3}.Ad-Hoc|iPhoneSimulator.Build.0 = Release|Any CPU
		{B4F416C8-2853-4C3D-8A20-4720C93637B3}.Ad-Hoc|iPhoneSimulator.Deploy.0 = Release|Any CPU
		{B4F416C8-2853-4C3D-8A20-4720C93637B3}.Ad-Hoc|x64.ActiveCfg = Release|Any CPU
		{B4F416C8-2853-4C3D-8A20-4720C93637B3}.Ad-Hoc|x64.Build.0 = Release|Any CPU
		{B4F416C8-2853-4C3D-8A20-4720C93637B3}.Ad-Hoc|x64.Deploy.0 = Release|Any CPU
		{B4F416C8-2853-4C3D-8A20-4720C93637B3}.Ad-Hoc|x86.ActiveCfg = Release|x86
		{B4F416C8-2853-4C3D-8A20-4720C93637B3}.Ad-Hoc|x86.Build.0 = Release|x86
		{B4F416C8-2853-4C3D-8A20-4720C93637B3}.Ad-Hoc|x86.Deploy.0 = Release|x86
		{B4F416C8-2853-4C3D-8A20-4720C93637B3}.AppStore|Any CPU.ActiveCfg = Release|Any CPU
		{B4F416C8-2853-4C3D-8A20-4720C93637B3}.AppStore|Any CPU.Build.0 = Release|Any CPU
		{B4F416C8-2853-4C3D-8A20-4720C93637B3}.AppStore|Any CPU.Deploy.0 = Release|Any CPU
		{B4F416C8-2853-4C3D-8A20-4720C93637B3}.AppStore|ARM.ActiveCfg = Release|ARM
		{B4F416C8-2853-4C3D-8A20-4720C93637B3}.AppStore|ARM.Build.0 = Release|ARM
		{B4F416C8-2853-4C3D-8A20-4720C93637B3}.AppStore|ARM.Deploy.0 = Release|ARM
		{B4F416C8-2853-4C3D-8A20-4720C93637B3}.AppStore|iPhone.ActiveCfg = Release|Any CPU
		{B4F416C8-2853-4C3D-8A20-4720C93637B3}.AppStore|iPhone.Build.0 = Release|Any CPU
		{B4F416C8-2853-4C3D-8A20-4720C93637B3}.AppStore|iPhone.Deploy.0 = Release|Any CPU
		{B4F416C8-2853-4C3D-8A20-4720C93637B3}.AppStore|iPhoneSimulator.ActiveCfg = Release|Any CPU
		{B4F416C8-2853-4C3D-8A20-4720C93637B3}.AppStore|iPhoneSimulator.Build.0 = Release|Any CPU
		{B4F416C8-2853-4C3D-8A20-4720C93637B3}.AppStore|iPhoneSimulator.Deploy.0 = Release|Any CPU
		{B4F416C8-2853-4C3D-8A20-4720C93637B3}.AppStore|x64.ActiveCfg = Release|Any CPU
		{B4F416C8-2853-4C3D-8A20-4720C93637B3}.AppStore|x64.Build.0 = Release|Any CPU
		{B4F416C8-2853-4C3D-8A20-4720C93637B3}.AppStore|x64.Deploy.0 = Release|Any CPU
		{B4F416C8-2853-4C3D-8A20-4720C93637B3}.AppStore|x86.ActiveCfg = Release|x86
		{B4F416C8-2853-4C3D-8A20-4720C93637B3}.AppStore|x86.Build.0 = Release|x86
		{B4F416C8-2853-4C3D-8A20-4720C93637B3}.AppStore|x86.Deploy.0 = Release|x86
		{B4F416C8-2853-4C3D-8A20-4720C93637B3}.Debug|Any CPU.ActiveCfg = Debug|Any CPU
		{B4F416C8-2853-4C3D-8A20-4720C93637B3}.Debug|Any CPU.Build.0 = Debug|Any CPU
		{B4F416C8-2853-4C3D-8A20-4720C93637B3}.Debug|Any CPU.Deploy.0 = Debug|Any CPU
		{B4F416C8-2853-4C3D-8A20-4720C93637B3}.Debug|ARM.ActiveCfg = Debug|ARM
		{B4F416C8-2853-4C3D-8A20-4720C93637B3}.Debug|ARM.Build.0 = Debug|ARM
		{B4F416C8-2853-4C3D-8A20-4720C93637B3}.Debug|ARM.Deploy.0 = Debug|ARM
		{B4F416C8-2853-4C3D-8A20-4720C93637B3}.Debug|iPhone.ActiveCfg = Debug|Any CPU
		{B4F416C8-2853-4C3D-8A20-4720C93637B3}.Debug|iPhone.Build.0 = Debug|Any CPU
		{B4F416C8-2853-4C3D-8A20-4720C93637B3}.Debug|iPhone.Deploy.0 = Debug|Any CPU
		{B4F416C8-2853-4C3D-8A20-4720C93637B3}.Debug|iPhoneSimulator.ActiveCfg = Debug|Any CPU
		{B4F416C8-2853-4C3D-8A20-4720C93637B3}.Debug|iPhoneSimulator.Build.0 = Debug|Any CPU
		{B4F416C8-2853-4C3D-8A20-4720C93637B3}.Debug|iPhoneSimulator.Deploy.0 = Debug|Any CPU
		{B4F416C8-2853-4C3D-8A20-4720C93637B3}.Debug|x64.ActiveCfg = Debug|Any CPU
		{B4F416C8-2853-4C3D-8A20-4720C93637B3}.Debug|x64.Build.0 = Debug|Any CPU
		{B4F416C8-2853-4C3D-8A20-4720C93637B3}.Debug|x64.Deploy.0 = Debug|Any CPU
		{B4F416C8-2853-4C3D-8A20-4720C93637B3}.Debug|x86.ActiveCfg = Debug|x86
		{B4F416C8-2853-4C3D-8A20-4720C93637B3}.Debug|x86.Build.0 = Debug|x86
		{B4F416C8-2853-4C3D-8A20-4720C93637B3}.Debug|x86.Deploy.0 = Debug|x86
		{B4F416C8-2853-4C3D-8A20-4720C93637B3}.Release|Any CPU.ActiveCfg = Release|Any CPU
		{B4F416C8-2853-4C3D-8A20-4720C93637B3}.Release|Any CPU.Build.0 = Release|Any CPU
		{B4F416C8-2853-4C3D-8A20-4720C93637B3}.Release|Any CPU.Deploy.0 = Release|Any CPU
		{B4F416C8-2853-4C3D-8A20-4720C93637B3}.Release|ARM.ActiveCfg = Release|ARM
		{B4F416C8-2853-4C3D-8A20-4720C93637B3}.Release|ARM.Build.0 = Release|ARM
		{B4F416C8-2853-4C3D-8A20-4720C93637B3}.Release|ARM.Deploy.0 = Release|ARM
		{B4F416C8-2853-4C3D-8A20-4720C93637B3}.Release|iPhone.ActiveCfg = Release|Any CPU
		{B4F416C8-2853-4C3D-8A20-4720C93637B3}.Release|iPhone.Build.0 = Release|Any CPU
		{B4F416C8-2853-4C3D-8A20-4720C93637B3}.Release|iPhone.Deploy.0 = Release|Any CPU
		{B4F416C8-2853-4C3D-8A20-4720C93637B3}.Release|iPhoneSimulator.ActiveCfg = Release|Any CPU
		{B4F416C8-2853-4C3D-8A20-4720C93637B3}.Release|iPhoneSimulator.Build.0 = Release|Any CPU
		{B4F416C8-2853-4C3D-8A20-4720C93637B3}.Release|iPhoneSimulator.Deploy.0 = Release|Any CPU
		{B4F416C8-2853-4C3D-8A20-4720C93637B3}.Release|x64.ActiveCfg = Release|Any CPU
		{B4F416C8-2853-4C3D-8A20-4720C93637B3}.Release|x64.Build.0 = Release|Any CPU
		{B4F416C8-2853-4C3D-8A20-4720C93637B3}.Release|x64.Deploy.0 = Release|Any CPU
		{B4F416C8-2853-4C3D-8A20-4720C93637B3}.Release|x86.ActiveCfg = Release|x86
		{B4F416C8-2853-4C3D-8A20-4720C93637B3}.Release|x86.Build.0 = Release|x86
		{B4F416C8-2853-4C3D-8A20-4720C93637B3}.Release|x86.Deploy.0 = Release|x86
		{C47D91DF-12CA-4814-AF4E-0B38F6CF90A3}.Ad-Hoc|Any CPU.ActiveCfg = Release|x86
		{C47D91DF-12CA-4814-AF4E-0B38F6CF90A3}.Ad-Hoc|Any CPU.Build.0 = Release|x86
		{C47D91DF-12CA-4814-AF4E-0B38F6CF90A3}.Ad-Hoc|Any CPU.Deploy.0 = Release|x86
		{C47D91DF-12CA-4814-AF4E-0B38F6CF90A3}.Ad-Hoc|ARM.ActiveCfg = Release|ARM
		{C47D91DF-12CA-4814-AF4E-0B38F6CF90A3}.Ad-Hoc|ARM.Build.0 = Release|ARM
		{C47D91DF-12CA-4814-AF4E-0B38F6CF90A3}.Ad-Hoc|ARM.Deploy.0 = Release|ARM
		{C47D91DF-12CA-4814-AF4E-0B38F6CF90A3}.Ad-Hoc|iPhone.ActiveCfg = Release|x86
		{C47D91DF-12CA-4814-AF4E-0B38F6CF90A3}.Ad-Hoc|iPhone.Build.0 = Release|x86
		{C47D91DF-12CA-4814-AF4E-0B38F6CF90A3}.Ad-Hoc|iPhone.Deploy.0 = Release|x86
		{C47D91DF-12CA-4814-AF4E-0B38F6CF90A3}.Ad-Hoc|iPhoneSimulator.ActiveCfg = Release|x86
		{C47D91DF-12CA-4814-AF4E-0B38F6CF90A3}.Ad-Hoc|iPhoneSimulator.Build.0 = Release|x86
		{C47D91DF-12CA-4814-AF4E-0B38F6CF90A3}.Ad-Hoc|iPhoneSimulator.Deploy.0 = Release|x86
		{C47D91DF-12CA-4814-AF4E-0B38F6CF90A3}.Ad-Hoc|x64.ActiveCfg = Release|x64
		{C47D91DF-12CA-4814-AF4E-0B38F6CF90A3}.Ad-Hoc|x64.Build.0 = Release|x64
		{C47D91DF-12CA-4814-AF4E-0B38F6CF90A3}.Ad-Hoc|x64.Deploy.0 = Release|x64
		{C47D91DF-12CA-4814-AF4E-0B38F6CF90A3}.Ad-Hoc|x86.ActiveCfg = Release|x86
		{C47D91DF-12CA-4814-AF4E-0B38F6CF90A3}.Ad-Hoc|x86.Build.0 = Release|x86
		{C47D91DF-12CA-4814-AF4E-0B38F6CF90A3}.Ad-Hoc|x86.Deploy.0 = Release|x86
		{C47D91DF-12CA-4814-AF4E-0B38F6CF90A3}.AppStore|Any CPU.ActiveCfg = Release|x86
		{C47D91DF-12CA-4814-AF4E-0B38F6CF90A3}.AppStore|Any CPU.Build.0 = Release|x86
		{C47D91DF-12CA-4814-AF4E-0B38F6CF90A3}.AppStore|Any CPU.Deploy.0 = Release|x86
		{C47D91DF-12CA-4814-AF4E-0B38F6CF90A3}.AppStore|ARM.ActiveCfg = Release|ARM
		{C47D91DF-12CA-4814-AF4E-0B38F6CF90A3}.AppStore|ARM.Build.0 = Release|ARM
		{C47D91DF-12CA-4814-AF4E-0B38F6CF90A3}.AppStore|ARM.Deploy.0 = Release|ARM
		{C47D91DF-12CA-4814-AF4E-0B38F6CF90A3}.AppStore|iPhone.ActiveCfg = Release|x86
		{C47D91DF-12CA-4814-AF4E-0B38F6CF90A3}.AppStore|iPhone.Build.0 = Release|x86
		{C47D91DF-12CA-4814-AF4E-0B38F6CF90A3}.AppStore|iPhone.Deploy.0 = Release|x86
		{C47D91DF-12CA-4814-AF4E-0B38F6CF90A3}.AppStore|iPhoneSimulator.ActiveCfg = Release|x86
		{C47D91DF-12CA-4814-AF4E-0B38F6CF90A3}.AppStore|iPhoneSimulator.Build.0 = Release|x86
		{C47D91DF-12CA-4814-AF4E-0B38F6CF90A3}.AppStore|iPhoneSimulator.Deploy.0 = Release|x86
		{C47D91DF-12CA-4814-AF4E-0B38F6CF90A3}.AppStore|x64.ActiveCfg = Release|x64
		{C47D91DF-12CA-4814-AF4E-0B38F6CF90A3}.AppStore|x64.Build.0 = Release|x64
		{C47D91DF-12CA-4814-AF4E-0B38F6CF90A3}.AppStore|x64.Deploy.0 = Release|x64
		{C47D91DF-12CA-4814-AF4E-0B38F6CF90A3}.AppStore|x86.ActiveCfg = Release|x86
		{C47D91DF-12CA-4814-AF4E-0B38F6CF90A3}.AppStore|x86.Build.0 = Release|x86
		{C47D91DF-12CA-4814-AF4E-0B38F6CF90A3}.AppStore|x86.Deploy.0 = Release|x86
		{C47D91DF-12CA-4814-AF4E-0B38F6CF90A3}.Debug|Any CPU.ActiveCfg = Debug|x86
		{C47D91DF-12CA-4814-AF4E-0B38F6CF90A3}.Debug|ARM.ActiveCfg = Debug|ARM
		{C47D91DF-12CA-4814-AF4E-0B38F6CF90A3}.Debug|ARM.Build.0 = Debug|ARM
		{C47D91DF-12CA-4814-AF4E-0B38F6CF90A3}.Debug|ARM.Deploy.0 = Debug|ARM
		{C47D91DF-12CA-4814-AF4E-0B38F6CF90A3}.Debug|iPhone.ActiveCfg = Debug|x86
		{C47D91DF-12CA-4814-AF4E-0B38F6CF90A3}.Debug|iPhoneSimulator.ActiveCfg = Debug|x86
		{C47D91DF-12CA-4814-AF4E-0B38F6CF90A3}.Debug|x64.ActiveCfg = Debug|x64
		{C47D91DF-12CA-4814-AF4E-0B38F6CF90A3}.Debug|x64.Build.0 = Debug|x64
		{C47D91DF-12CA-4814-AF4E-0B38F6CF90A3}.Debug|x64.Deploy.0 = Debug|x64
		{C47D91DF-12CA-4814-AF4E-0B38F6CF90A3}.Debug|x86.ActiveCfg = Debug|x86
		{C47D91DF-12CA-4814-AF4E-0B38F6CF90A3}.Debug|x86.Build.0 = Debug|x86
		{C47D91DF-12CA-4814-AF4E-0B38F6CF90A3}.Debug|x86.Deploy.0 = Debug|x86
		{C47D91DF-12CA-4814-AF4E-0B38F6CF90A3}.Release|Any CPU.ActiveCfg = Release|x86
		{C47D91DF-12CA-4814-AF4E-0B38F6CF90A3}.Release|ARM.ActiveCfg = Release|ARM
		{C47D91DF-12CA-4814-AF4E-0B38F6CF90A3}.Release|ARM.Build.0 = Release|ARM
		{C47D91DF-12CA-4814-AF4E-0B38F6CF90A3}.Release|ARM.Deploy.0 = Release|ARM
		{C47D91DF-12CA-4814-AF4E-0B38F6CF90A3}.Release|iPhone.ActiveCfg = Release|x86
		{C47D91DF-12CA-4814-AF4E-0B38F6CF90A3}.Release|iPhoneSimulator.ActiveCfg = Release|x86
		{C47D91DF-12CA-4814-AF4E-0B38F6CF90A3}.Release|x64.ActiveCfg = Release|x64
		{C47D91DF-12CA-4814-AF4E-0B38F6CF90A3}.Release|x64.Build.0 = Release|x64
		{C47D91DF-12CA-4814-AF4E-0B38F6CF90A3}.Release|x64.Deploy.0 = Release|x64
		{C47D91DF-12CA-4814-AF4E-0B38F6CF90A3}.Release|x86.ActiveCfg = Release|x86
		{C47D91DF-12CA-4814-AF4E-0B38F6CF90A3}.Release|x86.Build.0 = Release|x86
		{C47D91DF-12CA-4814-AF4E-0B38F6CF90A3}.Release|x86.Deploy.0 = Release|x86
		{472CE9D5-8E52-4B5B-BE49-C58399F298A2}.Ad-Hoc|Any CPU.ActiveCfg = Release|Any CPU
		{472CE9D5-8E52-4B5B-BE49-C58399F298A2}.Ad-Hoc|Any CPU.Build.0 = Release|Any CPU
		{472CE9D5-8E52-4B5B-BE49-C58399F298A2}.Ad-Hoc|Any CPU.Deploy.0 = Release|Any CPU
		{472CE9D5-8E52-4B5B-BE49-C58399F298A2}.Ad-Hoc|ARM.ActiveCfg = Release|ARM
		{472CE9D5-8E52-4B5B-BE49-C58399F298A2}.Ad-Hoc|ARM.Build.0 = Release|ARM
		{472CE9D5-8E52-4B5B-BE49-C58399F298A2}.Ad-Hoc|ARM.Deploy.0 = Release|ARM
		{472CE9D5-8E52-4B5B-BE49-C58399F298A2}.Ad-Hoc|iPhone.ActiveCfg = Release|Any CPU
		{472CE9D5-8E52-4B5B-BE49-C58399F298A2}.Ad-Hoc|iPhone.Build.0 = Release|Any CPU
		{472CE9D5-8E52-4B5B-BE49-C58399F298A2}.Ad-Hoc|iPhone.Deploy.0 = Release|Any CPU
		{472CE9D5-8E52-4B5B-BE49-C58399F298A2}.Ad-Hoc|iPhoneSimulator.ActiveCfg = Release|Any CPU
		{472CE9D5-8E52-4B5B-BE49-C58399F298A2}.Ad-Hoc|iPhoneSimulator.Build.0 = Release|Any CPU
		{472CE9D5-8E52-4B5B-BE49-C58399F298A2}.Ad-Hoc|iPhoneSimulator.Deploy.0 = Release|Any CPU
		{472CE9D5-8E52-4B5B-BE49-C58399F298A2}.Ad-Hoc|x64.ActiveCfg = Release|x64
		{472CE9D5-8E52-4B5B-BE49-C58399F298A2}.Ad-Hoc|x64.Build.0 = Release|x64
		{472CE9D5-8E52-4B5B-BE49-C58399F298A2}.Ad-Hoc|x64.Deploy.0 = Release|x64
		{472CE9D5-8E52-4B5B-BE49-C58399F298A2}.Ad-Hoc|x86.ActiveCfg = Release|x86
		{472CE9D5-8E52-4B5B-BE49-C58399F298A2}.Ad-Hoc|x86.Build.0 = Release|x86
		{472CE9D5-8E52-4B5B-BE49-C58399F298A2}.Ad-Hoc|x86.Deploy.0 = Release|x86
		{472CE9D5-8E52-4B5B-BE49-C58399F298A2}.AppStore|Any CPU.ActiveCfg = Release|Any CPU
		{472CE9D5-8E52-4B5B-BE49-C58399F298A2}.AppStore|Any CPU.Build.0 = Release|Any CPU
		{472CE9D5-8E52-4B5B-BE49-C58399F298A2}.AppStore|Any CPU.Deploy.0 = Release|Any CPU
		{472CE9D5-8E52-4B5B-BE49-C58399F298A2}.AppStore|ARM.ActiveCfg = Release|ARM
		{472CE9D5-8E52-4B5B-BE49-C58399F298A2}.AppStore|ARM.Build.0 = Release|ARM
		{472CE9D5-8E52-4B5B-BE49-C58399F298A2}.AppStore|ARM.Deploy.0 = Release|ARM
		{472CE9D5-8E52-4B5B-BE49-C58399F298A2}.AppStore|iPhone.ActiveCfg = Release|Any CPU
		{472CE9D5-8E52-4B5B-BE49-C58399F298A2}.AppStore|iPhone.Build.0 = Release|Any CPU
		{472CE9D5-8E52-4B5B-BE49-C58399F298A2}.AppStore|iPhone.Deploy.0 = Release|Any CPU
		{472CE9D5-8E52-4B5B-BE49-C58399F298A2}.AppStore|iPhoneSimulator.ActiveCfg = Release|Any CPU
		{472CE9D5-8E52-4B5B-BE49-C58399F298A2}.AppStore|iPhoneSimulator.Build.0 = Release|Any CPU
		{472CE9D5-8E52-4B5B-BE49-C58399F298A2}.AppStore|iPhoneSimulator.Deploy.0 = Release|Any CPU
		{472CE9D5-8E52-4B5B-BE49-C58399F298A2}.AppStore|x64.ActiveCfg = Release|x64
		{472CE9D5-8E52-4B5B-BE49-C58399F298A2}.AppStore|x64.Build.0 = Release|x64
		{472CE9D5-8E52-4B5B-BE49-C58399F298A2}.AppStore|x64.Deploy.0 = Release|x64
		{472CE9D5-8E52-4B5B-BE49-C58399F298A2}.AppStore|x86.ActiveCfg = Release|x86
		{472CE9D5-8E52-4B5B-BE49-C58399F298A2}.AppStore|x86.Build.0 = Release|x86
		{472CE9D5-8E52-4B5B-BE49-C58399F298A2}.AppStore|x86.Deploy.0 = Release|x86
		{472CE9D5-8E52-4B5B-BE49-C58399F298A2}.Debug|Any CPU.ActiveCfg = Debug|Any CPU
		{472CE9D5-8E52-4B5B-BE49-C58399F298A2}.Debug|Any CPU.Build.0 = Debug|Any CPU
		{472CE9D5-8E52-4B5B-BE49-C58399F298A2}.Debug|Any CPU.Deploy.0 = Debug|Any CPU
		{472CE9D5-8E52-4B5B-BE49-C58399F298A2}.Debug|ARM.ActiveCfg = Debug|ARM
		{472CE9D5-8E52-4B5B-BE49-C58399F298A2}.Debug|ARM.Build.0 = Debug|ARM
		{472CE9D5-8E52-4B5B-BE49-C58399F298A2}.Debug|ARM.Deploy.0 = Debug|ARM
		{472CE9D5-8E52-4B5B-BE49-C58399F298A2}.Debug|iPhone.ActiveCfg = Debug|Any CPU
		{472CE9D5-8E52-4B5B-BE49-C58399F298A2}.Debug|iPhone.Build.0 = Debug|Any CPU
		{472CE9D5-8E52-4B5B-BE49-C58399F298A2}.Debug|iPhone.Deploy.0 = Debug|Any CPU
		{472CE9D5-8E52-4B5B-BE49-C58399F298A2}.Debug|iPhoneSimulator.ActiveCfg = Debug|Any CPU
		{472CE9D5-8E52-4B5B-BE49-C58399F298A2}.Debug|iPhoneSimulator.Build.0 = Debug|Any CPU
		{472CE9D5-8E52-4B5B-BE49-C58399F298A2}.Debug|iPhoneSimulator.Deploy.0 = Debug|Any CPU
		{472CE9D5-8E52-4B5B-BE49-C58399F298A2}.Debug|x64.ActiveCfg = Debug|x64
		{472CE9D5-8E52-4B5B-BE49-C58399F298A2}.Debug|x64.Build.0 = Debug|x64
		{472CE9D5-8E52-4B5B-BE49-C58399F298A2}.Debug|x64.Deploy.0 = Debug|x64
		{472CE9D5-8E52-4B5B-BE49-C58399F298A2}.Debug|x86.ActiveCfg = Debug|x86
		{472CE9D5-8E52-4B5B-BE49-C58399F298A2}.Debug|x86.Build.0 = Debug|x86
		{472CE9D5-8E52-4B5B-BE49-C58399F298A2}.Debug|x86.Deploy.0 = Debug|x86
		{472CE9D5-8E52-4B5B-BE49-C58399F298A2}.Release|Any CPU.ActiveCfg = Release|Any CPU
		{472CE9D5-8E52-4B5B-BE49-C58399F298A2}.Release|Any CPU.Build.0 = Release|Any CPU
		{472CE9D5-8E52-4B5B-BE49-C58399F298A2}.Release|Any CPU.Deploy.0 = Release|Any CPU
		{472CE9D5-8E52-4B5B-BE49-C58399F298A2}.Release|ARM.ActiveCfg = Release|ARM
		{472CE9D5-8E52-4B5B-BE49-C58399F298A2}.Release|ARM.Build.0 = Release|ARM
		{472CE9D5-8E52-4B5B-BE49-C58399F298A2}.Release|ARM.Deploy.0 = Release|ARM
		{472CE9D5-8E52-4B5B-BE49-C58399F298A2}.Release|iPhone.ActiveCfg = Release|Any CPU
		{472CE9D5-8E52-4B5B-BE49-C58399F298A2}.Release|iPhone.Build.0 = Release|Any CPU
		{472CE9D5-8E52-4B5B-BE49-C58399F298A2}.Release|iPhone.Deploy.0 = Release|Any CPU
		{472CE9D5-8E52-4B5B-BE49-C58399F298A2}.Release|iPhoneSimulator.ActiveCfg = Release|Any CPU
		{472CE9D5-8E52-4B5B-BE49-C58399F298A2}.Release|iPhoneSimulator.Build.0 = Release|Any CPU
		{472CE9D5-8E52-4B5B-BE49-C58399F298A2}.Release|iPhoneSimulator.Deploy.0 = Release|Any CPU
		{472CE9D5-8E52-4B5B-BE49-C58399F298A2}.Release|x64.ActiveCfg = Release|x64
		{472CE9D5-8E52-4B5B-BE49-C58399F298A2}.Release|x64.Build.0 = Release|x64
		{472CE9D5-8E52-4B5B-BE49-C58399F298A2}.Release|x64.Deploy.0 = Release|x64
		{472CE9D5-8E52-4B5B-BE49-C58399F298A2}.Release|x86.ActiveCfg = Release|x86
		{472CE9D5-8E52-4B5B-BE49-C58399F298A2}.Release|x86.Build.0 = Release|x86
		{472CE9D5-8E52-4B5B-BE49-C58399F298A2}.Release|x86.Deploy.0 = Release|x86
	EndGlobalSection
	GlobalSection(SolutionProperties) = preSolution
		HideSolutionNode = FALSE
	EndGlobalSection
EndGlobal
